
Microsoft Visual Studio Solution File, Format Version 12.00
# Visual Studio Version 16
VisualStudioVersion = 16.0.30011.22
MinimumVisualStudioVersion = 10.0.40219.1
Project("{888888A0-9F3D-457C-B088-3A5042F75D52}") = "TemplatesWeb", "TemplatesWeb\TemplatesWeb.pyproj", "{245B001E-F4FE-4C66-9893-2CD5B370F3E2}"
EndProject
Global
	GlobalSection(SolutionConfigurationPlatforms) = preSolution
		Debug|Any CPU = Debug|Any CPU
		Release|Any CPU = Release|Any CPU
	EndGlobalSection
	GlobalSection(ProjectConfigurationPlatforms) = postSolution
		{245B001E-F4FE-4C66-9893-2CD5B370F3E2}.Debug|Any CPU.ActiveCfg = Debug|Any CPU
		{245B001E-F4FE-4C66-9893-2CD5B370F3E2}.Debug|Any CPU.Build.0 = Debug|Any CPU
		{245B001E-F4FE-4C66-9893-2CD5B370F3E2}.Release|Any CPU.ActiveCfg = Release|Any CPU
		{245B001E-F4FE-4C66-9893-2CD5B370F3E2}.Release|Any CPU.Build.0 = Release|Any CPU
	EndGlobalSection
	GlobalSection(SolutionProperties) = preSolution
		HideSolutionNode = FALSE
	EndGlobalSection
	GlobalSection(ExtensibilityGlobals) = postSolution
		SolutionGuid = {8FFF10FF-CF90-454F-9B1D-67189AB77B03}
	EndGlobalSection
EndGlobal
